// !$*UTF8*$!
{
	archiveVersion = 1;
	classes = {
	};
	objectVersion = 55;
	objects = {

/* Begin PBXBuildFile section */
		0219F7442754CDB50024517A /* SelectQuizTableViewCell.swift in Sources */ = {isa = PBXBuildFile; fileRef = 0219F7422754CDB50024517A /* SelectQuizTableViewCell.swift */; };
		0219F7452754CDB50024517A /* SelectQuizTableViewCell.xib in Resources */ = {isa = PBXBuildFile; fileRef = 0219F7432754CDB50024517A /* SelectQuizTableViewCell.xib */; };
		021E60EF2754BF41002EACC3 /* ResultViewController.swift in Sources */ = {isa = PBXBuildFile; fileRef = 021E60EE2754BF41002EACC3 /* ResultViewController.swift */; };
		02676098275DA172007E254B /* GoogleService-Info (1).plist in Resources */ = {isa = PBXBuildFile; fileRef = 02676097275DA172007E254B /* GoogleService-Info (1).plist */; };
		0267609B275F3339007E254B /* Charts in Frameworks */ = {isa = PBXBuildFile; productRef = 0267609A275F3339007E254B /* Charts */; };
		02AFB8432750A596005C1D5C /* AppDelegate.swift in Sources */ = {isa = PBXBuildFile; fileRef = 02AFB8422750A596005C1D5C /* AppDelegate.swift */; };
		02AFB8452750A596005C1D5C /* SceneDelegate.swift in Sources */ = {isa = PBXBuildFile; fileRef = 02AFB8442750A596005C1D5C /* SceneDelegate.swift */; };
		02AFB8472750A596005C1D5C /* ViewController.swift in Sources */ = {isa = PBXBuildFile; fileRef = 02AFB8462750A596005C1D5C /* ViewController.swift */; };
		02AFB84A2750A596005C1D5C /* Main.storyboard in Resources */ = {isa = PBXBuildFile; fileRef = 02AFB8482750A596005C1D5C /* Main.storyboard */; };
		02AFB84D2750A596005C1D5C /* Personarily2.xcdatamodeld in Sources */ = {isa = PBXBuildFile; fileRef = 02AFB84B2750A596005C1D5C /* Personarily2.xcdatamodeld */; };
		02AFB84F2750A598005C1D5C /* Assets.xcassets in Resources */ = {isa = PBXBuildFile; fileRef = 02AFB84E2750A598005C1D5C /* Assets.xcassets */; };
		02AFB8522750A598005C1D5C /* LaunchScreen.storyboard in Resources */ = {isa = PBXBuildFile; fileRef = 02AFB8502750A598005C1D5C /* LaunchScreen.storyboard */; };
		02AFB87D2750C87C005C1D5C /* Constants.swift in Sources */ = {isa = PBXBuildFile; fileRef = 02AFB87C2750C87C005C1D5C /* Constants.swift */; };
		02AFB8832750CB27005C1D5C /* SelectQuizTableViewController.swift in Sources */ = {isa = PBXBuildFile; fileRef = 02AFB8812750CB27005C1D5C /* SelectQuizTableViewController.swift */; };
		02AFB8862750CB71005C1D5C /* SelectHistoryTableViewController.swift in Sources */ = {isa = PBXBuildFile; fileRef = 02AFB8852750CB71005C1D5C /* SelectHistoryTableViewController.swift */; };
		02AFB8882750CE1F005C1D5C /* AnswerQuizViewController.swift in Sources */ = {isa = PBXBuildFile; fileRef = 02AFB8872750CE1F005C1D5C /* AnswerQuizViewController.swift */; };
		02AFB88B2750CE60005C1D5C /* QuizCell.swift in Sources */ = {isa = PBXBuildFile; fileRef = 02AFB8892750CE60005C1D5C /* QuizCell.swift */; };
		02AFB88C2750CE60005C1D5C /* QuizCell.xib in Resources */ = {isa = PBXBuildFile; fileRef = 02AFB88A2750CE60005C1D5C /* QuizCell.xib */; };
		02AFB88E2750D426005C1D5C /* Quiz.swift in Sources */ = {isa = PBXBuildFile; fileRef = 02AFB88D2750D426005C1D5C /* Quiz.swift */; };
		02AFB8902750D57F005C1D5C /* Question.swift in Sources */ = {isa = PBXBuildFile; fileRef = 02AFB88F2750D57F005C1D5C /* Question.swift */; };
/* End PBXBuildFile section */

/* Begin PBXFileReference section */
		0219F7422754CDB50024517A /* SelectQuizTableViewCell.swift */ = {isa = PBXFileReference; lastKnownFileType = sourcecode.swift; path = SelectQuizTableViewCell.swift; sourceTree = "<group>"; };
		0219F7432754CDB50024517A /* SelectQuizTableViewCell.xib */ = {isa = PBXFileReference; lastKnownFileType = file.xib; path = SelectQuizTableViewCell.xib; sourceTree = "<group>"; };
		021E60EE2754BF41002EACC3 /* ResultViewController.swift */ = {isa = PBXFileReference; lastKnownFileType = sourcecode.swift; path = ResultViewController.swift; sourceTree = "<group>"; };
		02676097275DA172007E254B /* GoogleService-Info (1).plist */ = {isa = PBXFileReference; fileEncoding = 4; lastKnownFileType = text.plist.xml; path = "GoogleService-Info (1).plist"; sourceTree = "<group>"; };
		02AFB83F2750A596005C1D5C /* Personarily2.app */ = {isa = PBXFileReference; explicitFileType = wrapper.application; includeInIndex = 0; path = Personarily2.app; sourceTree = BUILT_PRODUCTS_DIR; };
		02AFB8422750A596005C1D5C /* AppDelegate.swift */ = {isa = PBXFileReference; lastKnownFileType = sourcecode.swift; path = AppDelegate.swift; sourceTree = "<group>"; };
		02AFB8442750A596005C1D5C /* SceneDelegate.swift */ = {isa = PBXFileReference; lastKnownFileType = sourcecode.swift; path = SceneDelegate.swift; sourceTree = "<group>"; };
		02AFB8462750A596005C1D5C /* ViewController.swift */ = {isa = PBXFileReference; lastKnownFileType = sourcecode.swift; path = ViewController.swift; sourceTree = "<group>"; };
		02AFB8492750A596005C1D5C /* Base */ = {isa = PBXFileReference; lastKnownFileType = file.storyboard; name = Base; path = Base.lproj/Main.storyboard; sourceTree = "<group>"; };
		02AFB84C2750A596005C1D5C /* Personarily2.xcdatamodel */ = {isa = PBXFileReference; lastKnownFileType = wrapper.xcdatamodel; path = Personarily2.xcdatamodel; sourceTree = "<group>"; };
		02AFB84E2750A598005C1D5C /* Assets.xcassets */ = {isa = PBXFileReference; lastKnownFileType = folder.assetcatalog; path = Assets.xcassets; sourceTree = "<group>"; };
		02AFB8512750A598005C1D5C /* Base */ = {isa = PBXFileReference; lastKnownFileType = file.storyboard; name = Base; path = Base.lproj/LaunchScreen.storyboard; sourceTree = "<group>"; };
		02AFB8532750A598005C1D5C /* Info.plist */ = {isa = PBXFileReference; lastKnownFileType = text.plist.xml; path = Info.plist; sourceTree = "<group>"; };
		02AFB87C2750C87C005C1D5C /* Constants.swift */ = {isa = PBXFileReference; lastKnownFileType = sourcecode.swift; path = Constants.swift; sourceTree = "<group>"; };
		02AFB8812750CB27005C1D5C /* SelectQuizTableViewController.swift */ = {isa = PBXFileReference; lastKnownFileType = sourcecode.swift; path = SelectQuizTableViewController.swift; sourceTree = "<group>"; };
		02AFB8852750CB71005C1D5C /* SelectHistoryTableViewController.swift */ = {isa = PBXFileReference; lastKnownFileType = sourcecode.swift; path = SelectHistoryTableViewController.swift; sourceTree = "<group>"; };
		02AFB8872750CE1F005C1D5C /* AnswerQuizViewController.swift */ = {isa = PBXFileReference; lastKnownFileType = sourcecode.swift; path = AnswerQuizViewController.swift; sourceTree = "<group>"; };
		02AFB8892750CE60005C1D5C /* QuizCell.swift */ = {isa = PBXFileReference; lastKnownFileType = sourcecode.swift; path = QuizCell.swift; sourceTree = "<group>"; };
		02AFB88A2750CE60005C1D5C /* QuizCell.xib */ = {isa = PBXFileReference; lastKnownFileType = file.xib; path = QuizCell.xib; sourceTree = "<group>"; };
		02AFB88D2750D426005C1D5C /* Quiz.swift */ = {isa = PBXFileReference; lastKnownFileType = sourcecode.swift; path = Quiz.swift; sourceTree = "<group>"; };
		02AFB88F2750D57F005C1D5C /* Question.swift */ = {isa = PBXFileReference; lastKnownFileType = sourcecode.swift; path = Question.swift; sourceTree = "<group>"; };
/* End PBXFileReference section */

/* Begin PBXFrameworksBuildPhase section */
		02AFB83C2750A596005C1D5C /* Frameworks */ = {
			isa = PBXFrameworksBuildPhase;
			buildActionMask = 2147483647;
			files = (
				0267609B275F3339007E254B /* Charts in Frameworks */,
			);
			runOnlyForDeploymentPostprocessing = 0;
		};
/* End PBXFrameworksBuildPhase section */

/* Begin PBXGroup section */
		02AFB8362750A596005C1D5C = {
			isa = PBXGroup;
			children = (
				02AFB8412750A596005C1D5C /* Personarily2 */,
				02AFB8402750A596005C1D5C /* Products */,
			);
			sourceTree = "<group>";
		};
		02AFB8402750A596005C1D5C /* Products */ = {
			isa = PBXGroup;
			children = (
				02AFB83F2750A596005C1D5C /* Personarily2.app */,
			);
			name = Products;
			sourceTree = "<group>";
		};
		02AFB8412750A596005C1D5C /* Personarily2 */ = {
			isa = PBXGroup;
			children = (
				02AFB8802750CAA6005C1D5C /* Views */,
				02AFB87F2750CA97005C1D5C /* Controllers */,
				02AFB87E2750CA90005C1D5C /* Models */,
				02AFB8422750A596005C1D5C /* AppDelegate.swift */,
				02AFB8442750A596005C1D5C /* SceneDelegate.swift */,
				02AFB84E2750A598005C1D5C /* Assets.xcassets */,
				02AFB8502750A598005C1D5C /* LaunchScreen.storyboard */,
				02AFB8532750A598005C1D5C /* Info.plist */,
				02676097275DA172007E254B /* GoogleService-Info (1).plist */,
				02AFB84B2750A596005C1D5C /* Personarily2.xcdatamodeld */,
				02AFB87C2750C87C005C1D5C /* Constants.swift */,
			);
			path = Personarily2;
			sourceTree = "<group>";
		};
		02AFB87E2750CA90005C1D5C /* Models */ = {
			isa = PBXGroup;
			children = (
				02AFB88D2750D426005C1D5C /* Quiz.swift */,
				02AFB88F2750D57F005C1D5C /* Question.swift */,
			);
			path = Models;
			sourceTree = "<group>";
		};
		02AFB87F2750CA97005C1D5C /* Controllers */ = {
			isa = PBXGroup;
			children = (
				02AFB8462750A596005C1D5C /* ViewController.swift */,
				02AFB8812750CB27005C1D5C /* SelectQuizTableViewController.swift */,
				02AFB8852750CB71005C1D5C /* SelectHistoryTableViewController.swift */,
				02AFB8872750CE1F005C1D5C /* AnswerQuizViewController.swift */,
				021E60EE2754BF41002EACC3 /* ResultViewController.swift */,
			);
			path = Controllers;
			sourceTree = "<group>";
		};
		02AFB8802750CAA6005C1D5C /* Views */ = {
			isa = PBXGroup;
			children = (
				02AFB8482750A596005C1D5C /* Main.storyboard */,
				02AFB8892750CE60005C1D5C /* QuizCell.swift */,
				02AFB88A2750CE60005C1D5C /* QuizCell.xib */,
				0219F7422754CDB50024517A /* SelectQuizTableViewCell.swift */,
				0219F7432754CDB50024517A /* SelectQuizTableViewCell.xib */,
			);
			path = Views;
			sourceTree = "<group>";
		};
/* End PBXGroup section */

/* Begin PBXNativeTarget section */
		02AFB83E2750A596005C1D5C /* Personarily2 */ = {
			isa = PBXNativeTarget;
			buildConfigurationList = 02AFB8562750A598005C1D5C /* Build configuration list for PBXNativeTarget "Personarily2" */;
			buildPhases = (
				02AFB83B2750A596005C1D5C /* Sources */,
				02AFB83C2750A596005C1D5C /* Frameworks */,
				02AFB83D2750A596005C1D5C /* Resources */,
			);
			buildRules = (
			);
			dependencies = (
			);
			name = Personarily2;
			packageProductDependencies = (
				0267609A275F3339007E254B /* Charts */,
			);
			productName = Personarily2;
			productReference = 02AFB83F2750A596005C1D5C /* Personarily2.app */;
			productType = "com.apple.product-type.application";
		};
/* End PBXNativeTarget section */

/* Begin PBXProject section */
		02AFB8372750A596005C1D5C /* Project object */ = {
			isa = PBXProject;
			attributes = {
				BuildIndependentTargetsInParallel = 1;
				LastSwiftUpdateCheck = 1310;
				LastUpgradeCheck = 1310;
				TargetAttributes = {
					02AFB83E2750A596005C1D5C = {
						CreatedOnToolsVersion = 13.1;
					};
				};
			};
			buildConfigurationList = 02AFB83A2750A596005C1D5C /* Build configuration list for PBXProject "Personarily2" */;
			compatibilityVersion = "Xcode 13.0";
			developmentRegion = en;
			hasScannedForEncodings = 0;
			knownRegions = (
				en,
				Base,
			);
			mainGroup = 02AFB8362750A596005C1D5C;
			packageReferences = (
				02676099275F3339007E254B /* XCRemoteSwiftPackageReference "Charts" */,
			);
			productRefGroup = 02AFB8402750A596005C1D5C /* Products */;
			projectDirPath = "";
			projectRoot = "";
			targets = (
				02AFB83E2750A596005C1D5C /* Personarily2 */,
			);
		};
/* End PBXProject section */

/* Begin PBXResourcesBuildPhase section */
		02AFB83D2750A596005C1D5C /* Resources */ = {
			isa = PBXResourcesBuildPhase;
			buildActionMask = 2147483647;
			files = (
				02AFB8522750A598005C1D5C /* LaunchScreen.storyboard in Resources */,
				02676098275DA172007E254B /* GoogleService-Info (1).plist in Resources */,
				02AFB84F2750A598005C1D5C /* Assets.xcassets in Resources */,
				02AFB88C2750CE60005C1D5C /* QuizCell.xib in Resources */,
				0219F7452754CDB50024517A /* SelectQuizTableViewCell.xib in Resources */,
				02AFB84A2750A596005C1D5C /* Main.storyboard in Resources */,
			);
			runOnlyForDeploymentPostprocessing = 0;
		};
/* End PBXResourcesBuildPhase section */

/* Begin PBXSourcesBuildPhase section */
		02AFB83B2750A596005C1D5C /* Sources */ = {
			isa = PBXSourcesBuildPhase;
			buildActionMask = 2147483647;
			files = (
				02AFB88B2750CE60005C1D5C /* QuizCell.swift in Sources */,
				0219F7442754CDB50024517A /* SelectQuizTableViewCell.swift in Sources */,
				02AFB8832750CB27005C1D5C /* SelectQuizTableViewController.swift in Sources */,
				02AFB8882750CE1F005C1D5C /* AnswerQuizViewController.swift in Sources */,
				02AFB8862750CB71005C1D5C /* SelectHistoryTableViewController.swift in Sources */,
				02AFB87D2750C87C005C1D5C /* Constants.swift in Sources */,
				02AFB8472750A596005C1D5C /* ViewController.swift in Sources */,
				02AFB88E2750D426005C1D5C /* Quiz.swift in Sources */,
				02AFB8432750A596005C1D5C /* AppDelegate.swift in Sources */,
				02AFB8452750A596005C1D5C /* SceneDelegate.swift in Sources */,
				02AFB8902750D57F005C1D5C /* Question.swift in Sources */,
				02AFB84D2750A596005C1D5C /* Personarily2.xcdatamodeld in Sources */,
				021E60EF2754BF41002EACC3 /* ResultViewController.swift in Sources */,
			);
			runOnlyForDeploymentPostprocessing = 0;
		};
/* End PBXSourcesBuildPhase section */

/* Begin PBXVariantGroup section */
		02AFB8482750A596005C1D5C /* Main.storyboard */ = {
			isa = PBXVariantGroup;
			children = (
				02AFB8492750A596005C1D5C /* Base */,
			);
			name = Main.storyboard;
			sourceTree = "<group>";
		};
		02AFB8502750A598005C1D5C /* LaunchScreen.storyboard */ = {
			isa = PBXVariantGroup;
			children = (
				02AFB8512750A598005C1D5C /* Base */,
			);
			name = LaunchScreen.storyboard;
			sourceTree = "<group>";
		};
/* End PBXVariantGroup section */

/* Begin XCBuildConfiguration section */
		02AFB8542750A598005C1D5C /* Debug */ = {
			isa = XCBuildConfiguration;
			buildSettings = {
				ALWAYS_SEARCH_USER_PATHS = NO;
				CLANG_ANALYZER_NONNULL = YES;
				CLANG_ANALYZER_NUMBER_OBJECT_CONVERSION = YES_AGGRESSIVE;
				CLANG_CXX_LANGUAGE_STANDARD = "gnu++17";
				CLANG_CXX_LIBRARY = "libc++";
				CLANG_ENABLE_MODULES = YES;
				CLANG_ENABLE_OBJC_ARC = YES;
				CLANG_ENABLE_OBJC_WEAK = YES;
				CLANG_WARN_BLOCK_CAPTURE_AUTORELEASING = YES;
				CLANG_WARN_BOOL_CONVERSION = YES;
				CLANG_WARN_COMMA = YES;
				CLANG_WARN_CONSTANT_CONVERSION = YES;
				CLANG_WARN_DEPRECATED_OBJC_IMPLEMENTATIONS = YES;
				CLANG_WARN_DIRECT_OBJC_ISA_USAGE = YES_ERROR;
				CLANG_WARN_DOCUMENTATION_COMMENTS = YES;
				CLANG_WARN_EMPTY_BODY = YES;
				CLANG_WARN_ENUM_CONVERSION = YES;
				CLANG_WARN_INFINITE_RECURSION = YES;
				CLANG_WARN_INT_CONVERSION = YES;
				CLANG_WARN_NON_LITERAL_NULL_CONVERSION = YES;
				CLANG_WARN_OBJC_IMPLICIT_RETAIN_SELF = YES;
				CLANG_WARN_OBJC_LITERAL_CONVERSION = YES;
				CLANG_WARN_OBJC_ROOT_CLASS = YES_ERROR;
				CLANG_WARN_QUOTED_INCLUDE_IN_FRAMEWORK_HEADER = YES;
				CLANG_WARN_RANGE_LOOP_ANALYSIS = YES;
				CLANG_WARN_STRICT_PROTOTYPES = YES;
				CLANG_WARN_SUSPICIOUS_MOVE = YES;
				CLANG_WARN_UNGUARDED_AVAILABILITY = YES_AGGRESSIVE;
				CLANG_WARN_UNREACHABLE_CODE = YES;
				CLANG_WARN__DUPLICATE_METHOD_MATCH = YES;
				COPY_PHASE_STRIP = NO;
				DEBUG_INFORMATION_FORMAT = dwarf;
				ENABLE_STRICT_OBJC_MSGSEND = YES;
				ENABLE_TESTABILITY = YES;
				GCC_C_LANGUAGE_STANDARD = gnu11;
				GCC_DYNAMIC_NO_PIC = NO;
				GCC_NO_COMMON_BLOCKS = YES;
				GCC_OPTIMIZATION_LEVEL = 0;
				GCC_PREPROCESSOR_DEFINITIONS = (
					"DEBUG=1",
					"$(inherited)",
				);
				GCC_WARN_64_TO_32_BIT_CONVERSION = YES;
				GCC_WARN_ABOUT_RETURN_TYPE = YES_ERROR;
				GCC_WARN_UNDECLARED_SELECTOR = YES;
				GCC_WARN_UNINITIALIZED_AUTOS = YES_AGGRESSIVE;
				GCC_WARN_UNUSED_FUNCTION = YES;
				GCC_WARN_UNUSED_VARIABLE = YES;
				IPHONEOS_DEPLOYMENT_TARGET = 15.0;
				MTL_ENABLE_DEBUG_INFO = INCLUDE_SOURCE;
				MTL_FAST_MATH = YES;
				ONLY_ACTIVE_ARCH = YES;
				SDKROOT = iphoneos;
				SWIFT_ACTIVE_COMPILATION_CONDITIONS = DEBUG;
				SWIFT_OPTIMIZATION_LEVEL = "-Onone";
			};
			name = Debug;
		};
		02AFB8552750A598005C1D5C /* Release */ = {
			isa = XCBuildConfiguration;
			buildSettings = {
				ALWAYS_SEARCH_USER_PATHS = NO;
				CLANG_ANALYZER_NONNULL = YES;
				CLANG_ANALYZER_NUMBER_OBJECT_CONVERSION = YES_AGGRESSIVE;
				CLANG_CXX_LANGUAGE_STANDARD = "gnu++17";
				CLANG_CXX_LIBRARY = "libc++";
				CLANG_ENABLE_MODULES = YES;
				CLANG_ENABLE_OBJC_ARC = YES;
				CLANG_ENABLE_OBJC_WEAK = YES;
				CLANG_WARN_BLOCK_CAPTURE_AUTORELEASING = YES;
				CLANG_WARN_BOOL_CONVERSION = YES;
				CLANG_WARN_COMMA = YES;
				CLANG_WARN_CONSTANT_CONVERSION = YES;
				CLANG_WARN_DEPRECATED_OBJC_IMPLEMENTATIONS = YES;
				CLANG_WARN_DIRECT_OBJC_ISA_USAGE = YES_ERROR;
				CLANG_WARN_DOCUMENTATION_COMMENTS = YES;
				CLANG_WARN_EMPTY_BODY = YES;
				CLANG_WARN_ENUM_CONVERSION = YES;
				CLANG_WARN_INFINITE_RECURSION = YES;
				CLANG_WARN_INT_CONVERSION = YES;
				CLANG_WARN_NON_LITERAL_NULL_CONVERSION = YES;
				CLANG_WARN_OBJC_IMPLICIT_RETAIN_SELF = YES;
				CLANG_WARN_OBJC_LITERAL_CONVERSION = YES;
				CLANG_WARN_OBJC_ROOT_CLASS = YES_ERROR;
				CLANG_WARN_QUOTED_INCLUDE_IN_FRAMEWORK_HEADER = YES;
				CLANG_WARN_RANGE_LOOP_ANALYSIS = YES;
				CLANG_WARN_STRICT_PROTOTYPES = YES;
				CLANG_WARN_SUSPICIOUS_MOVE = YES;
				CLANG_WARN_UNGUARDED_AVAILABILITY = YES_AGGRESSIVE;
				CLANG_WARN_UNREACHABLE_CODE = YES;
				CLANG_WARN__DUPLICATE_METHOD_MATCH = YES;
				COPY_PHASE_STRIP = NO;
				DEBUG_INFORMATION_FORMAT = "dwarf-with-dsym";
				ENABLE_NS_ASSERTIONS = NO;
				ENABLE_STRICT_OBJC_MSGSEND = YES;
				GCC_C_LANGUAGE_STANDARD = gnu11;
				GCC_NO_COMMON_BLOCKS = YES;
				GCC_WARN_64_TO_32_BIT_CONVERSION = YES;
				GCC_WARN_ABOUT_RETURN_TYPE = YES_ERROR;
				GCC_WARN_UNDECLARED_SELECTOR = YES;
				GCC_WARN_UNINITIALIZED_AUTOS = YES_AGGRESSIVE;
				GCC_WARN_UNUSED_FUNCTION = YES;
				GCC_WARN_UNUSED_VARIABLE = YES;
				IPHONEOS_DEPLOYMENT_TARGET = 15.0;
				MTL_ENABLE_DEBUG_INFO = NO;
				MTL_FAST_MATH = YES;
				SDKROOT = iphoneos;
				SWIFT_COMPILATION_MODE = wholemodule;
				SWIFT_OPTIMIZATION_LEVEL = "-O";
				VALIDATE_PRODUCT = YES;
			};
			name = Release;
		};
		02AFB8572750A598005C1D5C /* Debug */ = {
			isa = XCBuildConfiguration;
			buildSettings = {
				ASSETCATALOG_COMPILER_APPICON_NAME = AppIcon;
				ASSETCATALOG_COMPILER_GLOBAL_ACCENT_COLOR_NAME = AccentColor;
				CODE_SIGN_STYLE = Automatic;
				CURRENT_PROJECT_VERSION = 1;
				DEVELOPMENT_TEAM = PNLDYAZN8K;
				GENERATE_INFOPLIST_FILE = YES;
				INFOPLIST_FILE = Personarily2/Info.plist;
				INFOPLIST_KEY_UIApplicationSupportsIndirectInputEvents = YES;
				INFOPLIST_KEY_UILaunchStoryboardName = LaunchScreen;
				INFOPLIST_KEY_UIMainStoryboardFile = Main;
				INFOPLIST_KEY_UISupportedInterfaceOrientations_iPad = "UIInterfaceOrientationPortrait UIInterfaceOrientationPortraitUpsideDown UIInterfaceOrientationLandscapeLeft UIInterfaceOrientationLandscapeRight";
				INFOPLIST_KEY_UISupportedInterfaceOrientations_iPhone = "UIInterfaceOrientationPortrait UIInterfaceOrientationLandscapeLeft UIInterfaceOrientationLandscapeRight";
				LD_RUNPATH_SEARCH_PATHS = (
					"$(inherited)",
					"@executable_path/Frameworks",
				);
				MARKETING_VERSION = 1.0;
				PRODUCT_BUNDLE_IDENTIFIER = com.teruler.Personarily2;
				PRODUCT_NAME = "$(TARGET_NAME)";
				SWIFT_EMIT_LOC_STRINGS = YES;
				SWIFT_VERSION = 5.0;
				TARGETED_DEVICE_FAMILY = "1,2";
			};
			name = Debug;
		};
		02AFB8582750A598005C1D5C /* Release */ = {
			isa = XCBuildConfiguration;
			buildSettings = {
				ASSETCATALOG_COMPILER_APPICON_NAME = AppIcon;
				ASSETCATALOG_COMPILER_GLOBAL_ACCENT_COLOR_NAME = AccentColor;
				CODE_SIGN_STYLE = Automatic;
				CURRENT_PROJECT_VERSION = 1;
				DEVELOPMENT_TEAM = PNLDYAZN8K;
				GENERATE_INFOPLIST_FILE = YES;
				INFOPLIST_FILE = Personarily2/Info.plist;
				INFOPLIST_KEY_UIApplicationSupportsIndirectInputEvents = YES;
				INFOPLIST_KEY_UILaunchStoryboardName = LaunchScreen;
				INFOPLIST_KEY_UIMainStoryboardFile = Main;
				INFOPLIST_KEY_UISupportedInterfaceOrientations_iPad = "UIInterfaceOrientationPortrait UIInterfaceOrientationPortraitUpsideDown UIInterfaceOrientationLandscapeLeft UIInterfaceOrientationLandscapeRight";
				INFOPLIST_KEY_UISupportedInterfaceOrientations_iPhone = "UIInterfaceOrientationPortrait UIInterfaceOrientationLandscapeLeft UIInterfaceOrientationLandscapeRight";
				LD_RUNPATH_SEARCH_PATHS = (
					"$(inherited)",
					"@executable_path/Frameworks",
				);
				MARKETING_VERSION = 1.0;
				PRODUCT_BUNDLE_IDENTIFIER = com.teruler.Personarily2;
				PRODUCT_NAME = "$(TARGET_NAME)";
				SWIFT_EMIT_LOC_STRINGS = YES;
				SWIFT_VERSION = 5.0;
				TARGETED_DEVICE_FAMILY = "1,2";
			};
			name = Release;
		};
/* End XCBuildConfiguration section */

/* Begin XCConfigurationList section */
		02AFB83A2750A596005C1D5C /* Build configuration list for PBXProject "Personarily2" */ = {
			isa = XCConfigurationList;
			buildConfigurations = (
				02AFB8542750A598005C1D5C /* Debug */,
				02AFB8552750A598005C1D5C /* Release */,
			);
			defaultConfigurationIsVisible = 0;
			defaultConfigurationName = Release;
		};
		02AFB8562750A598005C1D5C /* Build configuration list for PBXNativeTarget "Personarily2" */ = {
			isa = XCConfigurationList;
			buildConfigurations = (
				02AFB8572750A598005C1D5C /* Debug */,
				02AFB8582750A598005C1D5C /* Release */,
			);
			defaultConfigurationIsVisible = 0;
			defaultConfigurationName = Release;
		};
/* End XCConfigurationList section */

/* Begin XCRemoteSwiftPackageReference section */
		02676099275F3339007E254B /* XCRemoteSwiftPackageReference "Charts" */ = {
			isa = XCRemoteSwiftPackageReference;
			repositoryURL = "https://github.com/danielgindi/Charts.git";
			requirement = {
				kind = upToNextMajorVersion;
				minimumVersion = 4.0.0;
			};
		};
/* End XCRemoteSwiftPackageReference section */

/* Begin XCSwiftPackageProductDependency section */
		0267609A275F3339007E254B /* Charts */ = {
			isa = XCSwiftPackageProductDependency;
			package = 02676099275F3339007E254B /* XCRemoteSwiftPackageReference "Charts" */;
			productName = Charts;
		};
/* End XCSwiftPackageProductDependency section */

/* Begin XCVersionGroup section */
		02AFB84B2750A596005C1D5C /* Personarily2.xcdatamodeld */ = {
			isa = XCVersionGroup;
			children = (
				02AFB84C2750A596005C1D5C /* Personarily2.xcdatamodel */,
			);
			currentVersion = 02AFB84C2750A596005C1D5C /* Personarily2.xcdatamodel */;
			path = Personarily2.xcdatamodeld;
			sourceTree = "<group>";
			versionGroupType = wrapper.xcdatamodel;
		};
/* End XCVersionGroup section */
	};
	rootObject = 02AFB8372750A596005C1D5C /* Project object */;
}
